
Microsoft Visual Studio Solution File, Format Version 12.00
# Visual Studio 15
VisualStudioVersion = 15.0.26730.12
MinimumVisualStudioVersion = 10.0.40219.1
Project("{FAE04EC0-301F-11D3-BF4B-00C04F79EFBC}") = "watchmyrig", "watchmyrig\watchmyrig.csproj", "{BD2D99EE-81E8-490F-9C81-4C72510A3F42}"
EndProject
Project("{FAE04EC0-301F-11D3-BF4B-00C04F79EFBC}") = "watchmyrig_client", "watchmyrig_client\watchmyrig_client.csproj", "{16D04D0F-9BC3-4E32-A096-D18C8FD9153F}"
EndProject
Global
	GlobalSection(SolutionConfigurationPlatforms) = preSolution
		Debug|Any CPU = Debug|Any CPU
		Release|Any CPU = Release|Any CPU
	EndGlobalSection
	GlobalSection(ProjectConfigurationPlatforms) = postSolution
		{BD2D99EE-81E8-490F-9C81-4C72510A3F42}.Debug|Any CPU.ActiveCfg = Debug|Any CPU
		{BD2D99EE-81E8-490F-9C81-4C72510A3F42}.Debug|Any CPU.Build.0 = Debug|Any CPU
		{BD2D99EE-81E8-490F-9C81-4C72510A3F42}.Debug|Any CPU.Deploy.0 = Debug|Any CPU
		{BD2D99EE-81E8-490F-9C81-4C72510A3F42}.Release|Any CPU.ActiveCfg = Release|Any CPU
		{BD2D99EE-81E8-490F-9C81-4C72510A3F42}.Release|Any CPU.Build.0 = Release|Any CPU
		{BD2D99EE-81E8-490F-9C81-4C72510A3F42}.Release|Any CPU.Deploy.0 = Release|Any CPU
		{16D04D0F-9BC3-4E32-A096-D18C8FD9153F}.Debug|Any CPU.ActiveCfg = Debug|Any CPU
		{16D04D0F-9BC3-4E32-A096-D18C8FD9153F}.Debug|Any CPU.Build.0 = Debug|Any CPU
		{16D04D0F-9BC3-4E32-A096-D18C8FD9153F}.Release|Any CPU.ActiveCfg = Release|Any CPU
		{16D04D0F-9BC3-4E32-A096-D18C8FD9153F}.Release|Any CPU.Build.0 = Release|Any CPU
	EndGlobalSection
	GlobalSection(SolutionProperties) = preSolution
		HideSolutionNode = FALSE
	EndGlobalSection
	GlobalSection(ExtensibilityGlobals) = postSolution
		SolutionGuid = {3D1BFC86-8B06-4822-83D8-052ACB97F415}
	EndGlobalSection
EndGlobal
